
Microsoft Visual Studio Solution File, Format Version 12.00
# Visual Studio Version 17
VisualStudioVersion = 17.0.32112.339
MinimumVisualStudioVersion = 10.0.40219.1
Project("{FAE04EC0-301F-11D3-BF4B-00C04F79EFBC}") = "helloworld3", "helloworld3\helloworld3.csproj", "{8DA0FD2D-B701-4D3A-974F-A65C1DD3A135}"
EndProject
Global
	GlobalSection(SolutionConfigurationPlatforms) = preSolution
		Debug|Any CPU = Debug|Any CPU
		Release|Any CPU = Release|Any CPU
	EndGlobalSection
	GlobalSection(ProjectConfigurationPlatforms) = postSolution
		{8DA0FD2D-B701-4D3A-974F-A65C1DD3A135}.Debug|Any CPU.ActiveCfg = Debug|Any CPU
		{8DA0FD2D-B701-4D3A-974F-A65C1DD3A135}.Debug|Any CPU.Build.0 = Debug|Any CPU
		{8DA0FD2D-B701-4D3A-974F-A65C1DD3A135}.Release|Any CPU.ActiveCfg = Release|Any CPU
		{8DA0FD2D-B701-4D3A-974F-A65C1DD3A135}.Release|Any CPU.Build.0 = Release|Any CPU
	EndGlobalSection
	GlobalSection(SolutionProperties) = preSolution
		HideSolutionNode = FALSE
	EndGlobalSection
	GlobalSection(ExtensibilityGlobals) = postSolution
		SolutionGuid = {56A30D45-7B5A-4180-A06C-AB0B0F947206}
	EndGlobalSection
EndGlobal
