
Microsoft Visual Studio Solution File, Format Version 12.00
# Visual Studio Version 16
VisualStudioVersion = 16.0.31229.75
MinimumVisualStudioVersion = 10.0.40219.1
Project("{FAE04EC0-301F-11D3-BF4B-00C04F79EFBC}") = "InterfaceExample", "InterfaceExample.csproj", "{468B9E57-DE28-408E-9ED3-B45AC4E5001D}"
EndProject
Global
	GlobalSection(SolutionConfigurationPlatforms) = preSolution
		Debug|Any CPU = Debug|Any CPU
		Release|Any CPU = Release|Any CPU
	EndGlobalSection
	GlobalSection(ProjectConfigurationPlatforms) = postSolution
		{468B9E57-DE28-408E-9ED3-B45AC4E5001D}.Debug|Any CPU.ActiveCfg = Debug|Any CPU
		{468B9E57-DE28-408E-9ED3-B45AC4E5001D}.Debug|Any CPU.Build.0 = Debug|Any CPU
		{468B9E57-DE28-408E-9ED3-B45AC4E5001D}.Release|Any CPU.ActiveCfg = Release|Any CPU
		{468B9E57-DE28-408E-9ED3-B45AC4E5001D}.Release|Any CPU.Build.0 = Release|Any CPU
	EndGlobalSection
	GlobalSection(SolutionProperties) = preSolution
		HideSolutionNode = FALSE
	EndGlobalSection
	GlobalSection(ExtensibilityGlobals) = postSolution
		SolutionGuid = {97B99DE4-D8B2-46E5-839D-806A4785EE08}
	EndGlobalSection
EndGlobal
