
Microsoft Visual Studio Solution File, Format Version 12.00
# Visual Studio Version 16
VisualStudioVersion = 16.0.31229.75
MinimumVisualStudioVersion = 10.0.40219.1
Project("{FAE04EC0-301F-11D3-BF4B-00C04F79EFBC}") = "PricingEngineApp", "PricingEngineApp.csproj", "{608D7086-989A-43F4-BA62-241CD3DB9ED5}"
EndProject
Project("{FAE04EC0-301F-11D3-BF4B-00C04F79EFBC}") = "PricingEngineTests", "..\PricingEngineTests\PricingEngineTests.csproj", "{F0709066-D69B-4F46-B45D-ABF02A3C01C4}"
EndProject
Global
	GlobalSection(SolutionConfigurationPlatforms) = preSolution
		Debug|Any CPU = Debug|Any CPU
		Release|Any CPU = Release|Any CPU
	EndGlobalSection
	GlobalSection(ProjectConfigurationPlatforms) = postSolution
		{608D7086-989A-43F4-BA62-241CD3DB9ED5}.Debug|Any CPU.ActiveCfg = Debug|Any CPU
		{608D7086-989A-43F4-BA62-241CD3DB9ED5}.Debug|Any CPU.Build.0 = Debug|Any CPU
		{608D7086-989A-43F4-BA62-241CD3DB9ED5}.Release|Any CPU.ActiveCfg = Release|Any CPU
		{608D7086-989A-43F4-BA62-241CD3DB9ED5}.Release|Any CPU.Build.0 = Release|Any CPU
		{F0709066-D69B-4F46-B45D-ABF02A3C01C4}.Debug|Any CPU.ActiveCfg = Debug|Any CPU
		{F0709066-D69B-4F46-B45D-ABF02A3C01C4}.Debug|Any CPU.Build.0 = Debug|Any CPU
		{F0709066-D69B-4F46-B45D-ABF02A3C01C4}.Release|Any CPU.ActiveCfg = Release|Any CPU
		{F0709066-D69B-4F46-B45D-ABF02A3C01C4}.Release|Any CPU.Build.0 = Release|Any CPU
	EndGlobalSection
	GlobalSection(SolutionProperties) = preSolution
		HideSolutionNode = FALSE
	EndGlobalSection
	GlobalSection(ExtensibilityGlobals) = postSolution
		SolutionGuid = {29FFB893-0861-4790-A8FE-43E5BF70F601}
	EndGlobalSection
EndGlobal
