
Microsoft Visual Studio Solution File, Format Version 12.00
# Visual Studio Version 16
VisualStudioVersion = 16.0.31229.75
MinimumVisualStudioVersion = 10.0.40219.1
Project("{FAE04EC0-301F-11D3-BF4B-00C04F79EFBC}") = "Calculator", "Calculator\Calculator.csproj", "{38F22570-FEAD-4A22-B66B-B5F275109E08}"
EndProject
Global
	GlobalSection(SolutionConfigurationPlatforms) = preSolution
		Debug|Any CPU = Debug|Any CPU
		Release|Any CPU = Release|Any CPU
	EndGlobalSection
	GlobalSection(ProjectConfigurationPlatforms) = postSolution
		{38F22570-FEAD-4A22-B66B-B5F275109E08}.Debug|Any CPU.ActiveCfg = Debug|Any CPU
		{38F22570-FEAD-4A22-B66B-B5F275109E08}.Debug|Any CPU.Build.0 = Debug|Any CPU
		{38F22570-FEAD-4A22-B66B-B5F275109E08}.Release|Any CPU.ActiveCfg = Release|Any CPU
		{38F22570-FEAD-4A22-B66B-B5F275109E08}.Release|Any CPU.Build.0 = Release|Any CPU
	EndGlobalSection
	GlobalSection(SolutionProperties) = preSolution
		HideSolutionNode = FALSE
	EndGlobalSection
	GlobalSection(ExtensibilityGlobals) = postSolution
		SolutionGuid = {B61C83C0-7237-4117-86C2-5F6116FFBDF3}
	EndGlobalSection
EndGlobal
